
Microsoft Visual Studio Solution File, Format Version 12.00
# Visual Studio Version 17
VisualStudioVersion = 17.3.32901.215
MinimumVisualStudioVersion = 10.0.40219.1
Project("{9A19103F-16F7-4668-BE54-9A1E7A4F7556}") = "FrostWarningSweden", "FrostWarningSweden\FrostWarningSweden.csproj", "{9381E749-E4C4-4F6D-BB7A-E3C6BD570F11}"
EndProject
Project("{FAE04EC0-301F-11D3-BF4B-00C04F79EFBC}") = "ApiCaller", "ApiCaller\ApiCaller.csproj", "{251EF1A3-5656-4263-9E9E-E14BA4C13E39}"
EndProject
Global
	GlobalSection(SolutionConfigurationPlatforms) = preSolution
		Debug|Any CPU = Debug|Any CPU
		Release|Any CPU = Release|Any CPU
	EndGlobalSection
	GlobalSection(ProjectConfigurationPlatforms) = postSolution
		{9381E749-E4C4-4F6D-BB7A-E3C6BD570F11}.Debug|Any CPU.ActiveCfg = Debug|Any CPU
		{9381E749-E4C4-4F6D-BB7A-E3C6BD570F11}.Debug|Any CPU.Build.0 = Debug|Any CPU
		{9381E749-E4C4-4F6D-BB7A-E3C6BD570F11}.Release|Any CPU.ActiveCfg = Release|Any CPU
		{9381E749-E4C4-4F6D-BB7A-E3C6BD570F11}.Release|Any CPU.Build.0 = Release|Any CPU
		{251EF1A3-5656-4263-9E9E-E14BA4C13E39}.Debug|Any CPU.ActiveCfg = Debug|Any CPU
		{251EF1A3-5656-4263-9E9E-E14BA4C13E39}.Debug|Any CPU.Build.0 = Debug|Any CPU
		{251EF1A3-5656-4263-9E9E-E14BA4C13E39}.Release|Any CPU.ActiveCfg = Release|Any CPU
		{251EF1A3-5656-4263-9E9E-E14BA4C13E39}.Release|Any CPU.Build.0 = Release|Any CPU
	EndGlobalSection
	GlobalSection(SolutionProperties) = preSolution
		HideSolutionNode = FALSE
	EndGlobalSection
	GlobalSection(ExtensibilityGlobals) = postSolution
		SolutionGuid = {36E6C1D6-3EB9-4C51-ABD5-715541491EBB}
	EndGlobalSection
EndGlobal
